PODS:
  - Alamofire (5.4.3)
  - Differentiator (5.0.0)
  - Moya/Core (15.0.0):
    - Alamofire (~> 5.0)
  - Moya/RxSwift (15.0.0):
    - Moya/Core
    - RxSwift (~> 6.0)
  - PINCache (3.0.3):
    - PINCache/Arc-exception-safe (= 3.0.3)
    - PINCache/Core (= 3.0.3)
  - PINCache/Arc-exception-safe (3.0.3):
    - PINCache/Core
  - PINCache/Core (3.0.3):
    - PINOperation (~> 1.2.1)
  - PINOperation (1.2.1)
  - PINRemoteImage/Core (3.0.3):
    - PINOperation
  - PINRemoteImage/iOS (3.0.3):
    - PINRemoteImage/Core
  - PINRemoteImage/PINCache (3.0.3):
    - PINCache (~> 3.0.3)
    - PINRemoteImage/Core
  - ReactorKit (3.1.0):
    - RxSwift (~> 6.0)
    - WeakMapTable (~> 1.1)
  - RxCocoa (6.2.0):
    - RxRelay (= 6.2.0)
    - RxSwift (= 6.2.0)
  - RxDataSources-Texture (1.4.0):
    - Differentiator (~> 5.0)
    - RxCocoa (~> 6.0)
    - RxSwift (~> 6.0)
    - Texture (~> 3.0)
  - RxFlow (2.12.4):
    - RxCocoa (>= 6.0.0)
    - RxSwift (>= 6.0.0)
  - RxRelay (6.2.0):
    - RxSwift (= 6.2.0)
  - RxSwift (6.2.0)
  - RxTexture2 (1.3.0):
    - RxCocoa (~> 6.0)
    - RxSwift (~> 6.0)
    - Texture (~> 3.0)
  - RxViewController (2.0.0):
    - RxCocoa (~> 6.0)
    - RxSwift (~> 6.0)
  - SwiftLint (0.44.0)
  - Swinject (2.8.0)
  - Texture (3.0.0):
    - Texture/AssetsLibrary (= 3.0.0)
    - Texture/Core (= 3.0.0)
    - Texture/MapKit (= 3.0.0)
    - Texture/Photos (= 3.0.0)
    - Texture/PINRemoteImage (= 3.0.0)
    - Texture/Video (= 3.0.0)
  - Texture/AssetsLibrary (3.0.0):
    - Texture/Core
  - Texture/Core (3.0.0)
  - Texture/MapKit (3.0.0):
    - Texture/Core
  - Texture/Photos (3.0.0):
    - Texture/Core
  - Texture/PINRemoteImage (3.0.0):
    - PINRemoteImage/iOS (~> 3.0.0)
    - PINRemoteImage/PINCache
    - Texture/Core
  - Texture/Video (3.0.0):
    - Texture/Core
  - Then (2.7.0)
  - WeakMapTable (1.2.0)

DEPENDENCIES:
  - Moya/RxSwift (~> 15.0)
  - ReactorKit (~> 3.1.0)
  - RxDataSources-Texture (~> 1.4.0)
  - RxFlow (~> 2.12.0)
  - RxSwift (~> 6.2.0)
  - RxTexture2 (~> 1.3.0)
  - RxViewController (~> 2.0.0)
  - SwiftLint (~> 0.44.0)
  - Swinject (~> 2.8.0)
  - Texture (~> 3.0.0)
  - Then (~> 2.7.0)

SPEC REPOS:
  trunk:
    - Alamofire
    - Differentiator
    - Moya
    - PINCache
    - PINOperation
    - PINRemoteImage
    - ReactorKit
    - RxCocoa
    - RxDataSources-Texture
    - RxFlow
    - RxRelay
    - RxSwift
    - RxTexture2
    - RxViewController
    - SwiftLint
    - Swinject
    - Texture
    - Then
    - WeakMapTable

SPEC CHECKSUMS:
  Alamofire: e447a2774a40c996748296fa2c55112fdbbc42f9
  Differentiator: e8497ceab83c1b10ca233716d547b9af21b9344d
  Moya: 138f0573e53411fb3dc17016add0b748dfbd78ee
  PINCache: 7a8fc1a691173d21dbddbf86cd515de6efa55086
  PINOperation: 00c935935f1e8cf0d1e2d6b542e75b88fc3e5e20
  PINRemoteImage: f1295b29f8c5e640e25335a1b2bd9d805171bd01
  ReactorKit: a06dd2a5c9339287aedf3dc821cfab6347eca106
  RxCocoa: 4baf94bb35f2c0ab31bc0cb9f1900155f646ba42
  RxDataSources-Texture: 41a18bc78bcae448a622dcb808ee03f8008801b8
  RxFlow: 03a73c83fb8f183107074b40ab2544c668583f73
  RxRelay: e72dbfd157807478401ef1982e1c61c945c94b2f
  RxSwift: d356ab7bee873611322f134c5f9ef379fa183d8f
  RxTexture2: afc37076fc7ac380642d569533ed858d296732fe
  RxViewController: 56486fa0afd629a1d6b5ba077f3b8cd9dc31b5d2
  SwiftLint: e96c0a8c770c7ebbc4d36c55baf9096bb65c4584
  Swinject: db795b8d6d78559b25fbebb0170d2635be1176e2
  Texture: 2f109e937850d94d1d07232041c9c7313ccddb81
  Then: acfe0be7e98221c6204e12f8161459606d5d822d
  WeakMapTable: 05c694ce8439a7a9ebabb56187287a63c57673d6

PODFILE CHECKSUM: 76fcd249896254b9a90cdb5a5e0da594d34f629a

COCOAPODS: 1.11.2
